
Microsoft Visual Studio Solution File, Format Version 12.00
# Visual Studio Version 16
VisualStudioVersion = 16.0.29613.14
MinimumVisualStudioVersion = 10.0.40219.1
Project("{9A19103F-16F7-4668-BE54-9A1E7A4F7556}") = "HM1_1", "HM1_1.csproj", "{29A50A57-C6F5-4F1C-8643-73672F3784E9}"
EndProject
Project("{9A19103F-16F7-4668-BE54-9A1E7A4F7556}") = "HM1_2", "..\HM1.2\HM1_2.csproj", "{799E46D1-A0F7-4ACD-92E5-352182175CD2}"
EndProject
Project("{9A19103F-16F7-4668-BE54-9A1E7A4F7556}") = "HM1_3", "..\HM1_3\HM1_3.csproj", "{AA7D6B8F-8B9B-49EC-B2D8-E4595B591DAA}"
EndProject
Project("{2150E333-8FDC-42A3-9474-1A3956D46DE8}") = "HM1", "HM1", "{11489BFC-F2C8-4D96-85D1-F8E6B6DD09A2}"
EndProject
Project("{2150E333-8FDC-42A3-9474-1A3956D46DE8}") = "HM2", "HM2", "{2ACB6017-4793-4485-B6CE-9D6410B63AD8}"
EndProject
Project("{FAE04EC0-301F-11D3-BF4B-00C04F79EFBC}") = "HM2_1", "..\HM2_1\HM2_1.csproj", "{090C5E31-18D2-4F42-A0D6-7D5B4D067016}"
EndProject
Project("{FAE04EC0-301F-11D3-BF4B-00C04F79EFBC}") = "HM2_2", "..\HM2_2\HM2_2.csproj", "{EA306A39-37D8-4EAC-8542-7B0A6EAE6F60}"
EndProject
Project("{FAE04EC0-301F-11D3-BF4B-00C04F79EFBC}") = "HM2_3", "..\HM2_3\HM2_3.csproj", "{BF6826FD-3627-49D7-AA70-E430B6DB6274}"
EndProject
Project("{FAE04EC0-301F-11D3-BF4B-00C04F79EFBC}") = "HM2_Brain", "..\HM2_Brain\HM2_Brain.csproj", "{64CC7DE3-0F56-4894-87DA-8EFF948F37CF}"
EndProject
Project("{2150E333-8FDC-42A3-9474-1A3956D46DE8}") = "HM3", "HM3", "{1975E369-F3EE-4C0A-A8C9-6691A56A1D1E}"
EndProject
Project("{FAE04EC0-301F-11D3-BF4B-00C04F79EFBC}") = "HM3_1", "..\HM3_1\HM3_1.csproj", "{EFFBC54E-B8A5-4EB1-9A32-172F4EF72A0D}"
EndProject
Project("{FAE04EC0-301F-11D3-BF4B-00C04F79EFBC}") = "HM3_2", "..\HM3_2\HM3_2.csproj", "{1F5F5C45-0CFB-4130-9310-97C571C7AA8E}"
EndProject
Global
	GlobalSection(SolutionConfigurationPlatforms) = preSolution
		Debug|Any CPU = Debug|Any CPU
		Release|Any CPU = Release|Any CPU
	EndGlobalSection
	GlobalSection(ProjectConfigurationPlatforms) = postSolution
		{29A50A57-C6F5-4F1C-8643-73672F3784E9}.Debug|Any CPU.ActiveCfg = Debug|Any CPU
		{29A50A57-C6F5-4F1C-8643-73672F3784E9}.Debug|Any CPU.Build.0 = Debug|Any CPU
		{29A50A57-C6F5-4F1C-8643-73672F3784E9}.Release|Any CPU.ActiveCfg = Release|Any CPU
		{29A50A57-C6F5-4F1C-8643-73672F3784E9}.Release|Any CPU.Build.0 = Release|Any CPU
		{799E46D1-A0F7-4ACD-92E5-352182175CD2}.Debug|Any CPU.ActiveCfg = Debug|Any CPU
		{799E46D1-A0F7-4ACD-92E5-352182175CD2}.Debug|Any CPU.Build.0 = Debug|Any CPU
		{799E46D1-A0F7-4ACD-92E5-352182175CD2}.Release|Any CPU.ActiveCfg = Release|Any CPU
		{799E46D1-A0F7-4ACD-92E5-352182175CD2}.Release|Any CPU.Build.0 = Release|Any CPU
		{AA7D6B8F-8B9B-49EC-B2D8-E4595B591DAA}.Debug|Any CPU.ActiveCfg = Debug|Any CPU
		{AA7D6B8F-8B9B-49EC-B2D8-E4595B591DAA}.Debug|Any CPU.Build.0 = Debug|Any CPU
		{AA7D6B8F-8B9B-49EC-B2D8-E4595B591DAA}.Release|Any CPU.ActiveCfg = Release|Any CPU
		{AA7D6B8F-8B9B-49EC-B2D8-E4595B591DAA}.Release|Any CPU.Build.0 = Release|Any CPU
		{090C5E31-18D2-4F42-A0D6-7D5B4D067016}.Debug|Any CPU.ActiveCfg = Debug|Any CPU
		{090C5E31-18D2-4F42-A0D6-7D5B4D067016}.Debug|Any CPU.Build.0 = Debug|Any CPU
		{090C5E31-18D2-4F42-A0D6-7D5B4D067016}.Release|Any CPU.ActiveCfg = Release|Any CPU
		{090C5E31-18D2-4F42-A0D6-7D5B4D067016}.Release|Any CPU.Build.0 = Release|Any CPU
		{EA306A39-37D8-4EAC-8542-7B0A6EAE6F60}.Debug|Any CPU.ActiveCfg = Debug|Any CPU
		{EA306A39-37D8-4EAC-8542-7B0A6EAE6F60}.Debug|Any CPU.Build.0 = Debug|Any CPU
		{EA306A39-37D8-4EAC-8542-7B0A6EAE6F60}.Release|Any CPU.ActiveCfg = Release|Any CPU
		{EA306A39-37D8-4EAC-8542-7B0A6EAE6F60}.Release|Any CPU.Build.0 = Release|Any CPU
		{BF6826FD-3627-49D7-AA70-E430B6DB6274}.Debug|Any CPU.ActiveCfg = Debug|Any CPU
		{BF6826FD-3627-49D7-AA70-E430B6DB6274}.Debug|Any CPU.Build.0 = Debug|Any CPU
		{BF6826FD-3627-49D7-AA70-E430B6DB6274}.Release|Any CPU.ActiveCfg = Release|Any CPU
		{BF6826FD-3627-49D7-AA70-E430B6DB6274}.Release|Any CPU.Build.0 = Release|Any CPU
		{64CC7DE3-0F56-4894-87DA-8EFF948F37CF}.Debug|Any CPU.ActiveCfg = Debug|Any CPU
		{64CC7DE3-0F56-4894-87DA-8EFF948F37CF}.Debug|Any CPU.Build.0 = Debug|Any CPU
		{64CC7DE3-0F56-4894-87DA-8EFF948F37CF}.Release|Any CPU.ActiveCfg = Release|Any CPU
		{64CC7DE3-0F56-4894-87DA-8EFF948F37CF}.Release|Any CPU.Build.0 = Release|Any CPU
		{EFFBC54E-B8A5-4EB1-9A32-172F4EF72A0D}.Debug|Any CPU.ActiveCfg = Debug|Any CPU
		{EFFBC54E-B8A5-4EB1-9A32-172F4EF72A0D}.Debug|Any CPU.Build.0 = Debug|Any CPU
		{EFFBC54E-B8A5-4EB1-9A32-172F4EF72A0D}.Release|Any CPU.ActiveCfg = Release|Any CPU
		{EFFBC54E-B8A5-4EB1-9A32-172F4EF72A0D}.Release|Any CPU.Build.0 = Release|Any CPU
		{1F5F5C45-0CFB-4130-9310-97C571C7AA8E}.Debug|Any CPU.ActiveCfg = Debug|Any CPU
		{1F5F5C45-0CFB-4130-9310-97C571C7AA8E}.Debug|Any CPU.Build.0 = Debug|Any CPU
		{1F5F5C45-0CFB-4130-9310-97C571C7AA8E}.Release|Any CPU.ActiveCfg = Release|Any CPU
		{1F5F5C45-0CFB-4130-9310-97C571C7AA8E}.Release|Any CPU.Build.0 = Release|Any CPU
	EndGlobalSection
	GlobalSection(SolutionProperties) = preSolution
		HideSolutionNode = FALSE
	EndGlobalSection
	GlobalSection(NestedProjects) = preSolution
		{29A50A57-C6F5-4F1C-8643-73672F3784E9} = {11489BFC-F2C8-4D96-85D1-F8E6B6DD09A2}
		{799E46D1-A0F7-4ACD-92E5-352182175CD2} = {11489BFC-F2C8-4D96-85D1-F8E6B6DD09A2}
		{AA7D6B8F-8B9B-49EC-B2D8-E4595B591DAA} = {11489BFC-F2C8-4D96-85D1-F8E6B6DD09A2}
		{090C5E31-18D2-4F42-A0D6-7D5B4D067016} = {2ACB6017-4793-4485-B6CE-9D6410B63AD8}
		{EA306A39-37D8-4EAC-8542-7B0A6EAE6F60} = {2ACB6017-4793-4485-B6CE-9D6410B63AD8}
		{BF6826FD-3627-49D7-AA70-E430B6DB6274} = {2ACB6017-4793-4485-B6CE-9D6410B63AD8}
		{64CC7DE3-0F56-4894-87DA-8EFF948F37CF} = {2ACB6017-4793-4485-B6CE-9D6410B63AD8}
		{EFFBC54E-B8A5-4EB1-9A32-172F4EF72A0D} = {1975E369-F3EE-4C0A-A8C9-6691A56A1D1E}
		{1F5F5C45-0CFB-4130-9310-97C571C7AA8E} = {1975E369-F3EE-4C0A-A8C9-6691A56A1D1E}
	EndGlobalSection
	GlobalSection(ExtensibilityGlobals) = postSolution
		SolutionGuid = {3749788B-20DF-48AB-A8EE-8B8E71755AD1}
	EndGlobalSection
EndGlobal
