
Microsoft Visual Studio Solution File, Format Version 12.00
# Visual Studio Version 16
VisualStudioVersion = 16.0.29613.14
MinimumVisualStudioVersion = 10.0.40219.1
Project("{2150E333-8FDC-42A3-9474-1A3956D46DE8}") = "HW1", "HW1", "{11489BFC-F2C8-4D96-85D1-F8E6B6DD09A2}"
EndProject
Project("{2150E333-8FDC-42A3-9474-1A3956D46DE8}") = "HW2", "HW2", "{2ACB6017-4793-4485-B6CE-9D6410B63AD8}"
EndProject
Project("{2150E333-8FDC-42A3-9474-1A3956D46DE8}") = "HW3", "HW3", "{1975E369-F3EE-4C0A-A8C9-6691A56A1D1E}"
EndProject
Project("{9A19103F-16F7-4668-BE54-9A1E7A4F7556}") = "HW1_3_summa", "HM1_3\HW1_3_summa.csproj", "{F8397A2F-0BAA-443C-9B34-E41F36A8BC31}"
EndProject
Project("{9A19103F-16F7-4668-BE54-9A1E7A4F7556}") = "HW2_1_ReadLine", "HM2_1\HW2_1_ReadLine.csproj", "{68480467-9985-456E-9734-C86AB0734062}"
EndProject
Project("{9A19103F-16F7-4668-BE54-9A1E7A4F7556}") = "HW2_2_Substring", "HM2_2\HW2_2_Substring.csproj", "{5AE99EC6-CCE3-461D-A6B0-AD818B792105}"
EndProject
Project("{9A19103F-16F7-4668-BE54-9A1E7A4F7556}") = "HW2_3_String_combine", "HM2_3\HW2_3_String_combine.csproj", "{31E0169A-DB2B-46D0-8FFA-BC8DDE0E8E51}"
EndProject
Project("{9A19103F-16F7-4668-BE54-9A1E7A4F7556}") = "HW2_Brain", "HM2_Brain\HW2_Brain.csproj", "{EC77EA79-DBF5-479B-9BF6-26745D506FE3}"
EndProject
Project("{9A19103F-16F7-4668-BE54-9A1E7A4F7556}") = "HW3_1_number_sum", "HM3_1\HW3_1_number_sum.csproj", "{3DF27295-E5D1-481C-A664-639BFE4BC0E6}"
EndProject
Project("{9A19103F-16F7-4668-BE54-9A1E7A4F7556}") = "HW3_2_else_if", "HM3_2\HW3_2_else_if.csproj", "{CDB4EFC7-0D78-4DF1-A488-7C3ED158458C}"
EndProject
Project("{9A19103F-16F7-4668-BE54-9A1E7A4F7556}") = "HW1_1_WriteLine", "HM1_1\HW1_1_WriteLine.csproj", "{99C3963C-AE54-4591-8D15-6CB6B9A3053C}"
EndProject
Project("{9A19103F-16F7-4668-BE54-9A1E7A4F7556}") = "HW1_2_data_type", "HM1_2\HW1_2_data_type.csproj", "{A13BFC24-8C51-46A4-8A60-37581520CA1F}"
EndProject
Project("{9A19103F-16F7-4668-BE54-9A1E7A4F7556}") = "HW_IF1_and", "HW_IF1\HW_IF1_and.csproj", "{BDB68B8E-F04D-4861-A70B-BF859D734168}"
EndProject
Project("{9A19103F-16F7-4668-BE54-9A1E7A4F7556}") = "HW_IF2", "HW_IF2\HW_IF2.csproj", "{0E6507A3-3857-4D2F-8B3D-8EDCAB669331}"
EndProject
Project("{9A19103F-16F7-4668-BE54-9A1E7A4F7556}") = "HW_IF3_speeding", "HW_IF3\HW_IF3_speeding.csproj", "{1AA3ADEA-78F1-4738-A446-94476DCC1AD8}"
EndProject
Project("{9A19103F-16F7-4668-BE54-9A1E7A4F7556}") = "HW3_3_Christmas_tree", "HW3_3\HW3_3_Christmas_tree.csproj", "{715F6333-B85E-4004-9E1C-D7DC9F3E99A0}"
EndProject
Project("{9A19103F-16F7-4668-BE54-9A1E7A4F7556}") = "HW3_Brain", "HW_Brain\HW3_Brain.csproj", "{949D524C-635B-43DE-951D-46269F5A9E11}"
EndProject
Project("{2150E333-8FDC-42A3-9474-1A3956D46DE8}") = "HW4", "HW4", "{E5B220D3-27A7-41A1-9B8C-50AE8034749D}"
EndProject
Project("{9A19103F-16F7-4668-BE54-9A1E7A4F7556}") = "HW4_Calculator", "HW3_Calculator\HW4_Calculator.csproj", "{24ADA8FE-7F85-46E0-A7D6-1B220AF474FA}"
EndProject
Project("{2150E333-8FDC-42A3-9474-1A3956D46DE8}") = "HW5", "HW5", "{34D6D5B7-0595-473E-ACC6-0C1669900946}"
EndProject
Project("{9A19103F-16F7-4668-BE54-9A1E7A4F7556}") = "HW5_Simple_loop", "HW5_Simple_loop\HW5_Simple_loop.csproj", "{D772ACB2-0BD2-415B-8353-D16BA4190918}"
EndProject
Project("{9A19103F-16F7-4668-BE54-9A1E7A4F7556}") = "HW5_Cant_convert", "HW5_Cant_convert\HW5_Cant_convert.csproj", "{0B15A433-F839-4F47-A682-35533F616D4E}"
EndProject
Project("{9A19103F-16F7-4668-BE54-9A1E7A4F7556}") = "HW5_brain", "CW5_brain\HW5_brain.csproj", "{2B0F4EE1-8638-4909-8AF3-0CEF61F601F9}"
EndProject
Project("{9A19103F-16F7-4668-BE54-9A1E7A4F7556}") = "HW5_2_Intersections", "CW5_2\HW5_2_Intersections.csproj", "{0AFD3846-82D9-446C-BFD8-7C913BEFD7A2}"
EndProject
Project("{9A19103F-16F7-4668-BE54-9A1E7A4F7556}") = "HW5_3_while_with_bool", "CW5_3\HW5_3_while_with_bool.csproj", "{AF0C8617-7C7C-4A3C-B111-0E97409CD366}"
EndProject
Project("{9A19103F-16F7-4668-BE54-9A1E7A4F7556}") = "HW5_4", "CW5_4\HW5_4.csproj", "{9F23C168-84B2-40C0-A3D4-2C3B3E109D4C}"
EndProject
Project("{9A19103F-16F7-4668-BE54-9A1E7A4F7556}") = "HW5_6", "CW5_6\HW5_6.csproj", "{C9E00E9F-DF36-46E3-BCD4-00FE8D98255C}"
EndProject
Project("{2150E333-8FDC-42A3-9474-1A3956D46DE8}") = "HW6", "HW6", "{76B8CE82-F344-4443-8F4F-445DEC973B20}"
EndProject
Project("{FAE04EC0-301F-11D3-BF4B-00C04F79EFBC}") = "HW6_While_A_B", "HW5_While_A_B\HW6_While_A_B.csproj", "{C355CA28-3973-48D1-A228-DBBDCB7A20DF}"
EndProject
Project("{FAE04EC0-301F-11D3-BF4B-00C04F79EFBC}") = "HW6_Digit_sum", "HW6_Digit_sum\HW6_Digit_sum.csproj", "{B9C7312C-DF53-49DE-82DE-C1AF7415CD13}"
EndProject
Project("{FAE04EC0-301F-11D3-BF4B-00C04F79EFBC}") = "HW6_1_int_array", "HW6_1\HW6_1_int_array.csproj", "{D339EA14-658A-48D2-A465-AF53D7E3B315}"
EndProject
Project("{FAE04EC0-301F-11D3-BF4B-00C04F79EFBC}") = "HW6_2_string_array", "HW6_2\HW6_2_string_array.csproj", "{3B455F58-07F5-458E-B1F2-32CF310CD8CF}"
EndProject
Project("{FAE04EC0-301F-11D3-BF4B-00C04F79EFBC}") = "HW6_3_while_reading_int", "HW6_3\HW6_3_while_reading_int.csproj", "{025686A9-C6F9-450B-B04A-DA3A1ACF1561}"
EndProject
Project("{2150E333-8FDC-42A3-9474-1A3956D46DE8}") = "HW7", "HW7", "{9A0A617E-CF35-4445-938E-BE15437F6121}"
EndProject
Project("{FAE04EC0-301F-11D3-BF4B-00C04F79EFBC}") = "HW7_1_do_while", "HW7_1_do_while\HW7_1_do_while.csproj", "{ACE43966-1FC8-4BC3-BABC-3F22507B1647}"
EndProject
Project("{FAE04EC0-301F-11D3-BF4B-00C04F79EFBC}") = "HW7_2_for_loop", "HW7_2_for_loop\HW7_2_for_loop.csproj", "{D9FF942B-F11D-4426-BAF8-9E3B077133EB}"
EndProject
Project("{FAE04EC0-301F-11D3-BF4B-00C04F79EFBC}") = "HW7_3_for_loop_substring", "HW7_3_for_loop_substring\HW7_3_for_loop_substring.csproj", "{98D370C0-CFD8-462D-B1CB-1D2FFA5E138A}"
EndProject
Project("{FAE04EC0-301F-11D3-BF4B-00C04F79EFBC}") = "HW7_4_empty_array", "HW7_4_empty_array\HW7_4_empty_array.csproj", "{5AF2E758-A0E2-4827-B75B-4BB9DAD7E86B}"
EndProject
Project("{FAE04EC0-301F-11D3-BF4B-00C04F79EFBC}") = "HW7_5_array_sum", "HW7_5_array_sum\HW7_5_array_sum.csproj", "{870BC498-0B7B-4FC4-A427-4C833FFD3F98}"
EndProject
Project("{FAE04EC0-301F-11D3-BF4B-00C04F79EFBC}") = "HW7_brain", "HW7_brain\HW7_brain.csproj", "{BE099824-D120-4E1D-9B9E-90315A56FBBC}"
EndProject
Project("{FAE04EC0-301F-11D3-BF4B-00C04F79EFBC}") = "HW7_using_break", "HW7_using_break\HW7_using_break.csproj", "{AF47679D-9620-408C-B96E-3FE72B430C4C}"
EndProject
Project("{2150E333-8FDC-42A3-9474-1A3956D46DE8}") = "HW8", "HW8", "{10CA46F3-DF93-438F-B1E5-A35AA31F79AF}"
EndProject
Project("{FAE04EC0-301F-11D3-BF4B-00C04F79EFBC}") = "HW8_1_three_arrays", "HW8_1_three_arrays\HW8_1_three_arrays.csproj", "{71A24338-47B4-4A10-A376-81E98CEFDB88}"
EndProject
Project("{FAE04EC0-301F-11D3-BF4B-00C04F79EFBC}") = "HW8_2_new_array", "HW8_2_new_array\HW8_2_new_array.csproj", "{ABFFB568-6DDD-47C8-A58F-B369DD04624B}"
EndProject
Project("{FAE04EC0-301F-11D3-BF4B-00C04F79EFBC}") = "HW8_3_array_contains", "HW8_3_array_contains\HW8_3_array_contains.csproj", "{40378C2D-9D01-44FC-9F84-6345D9193401}"
EndProject
Project("{FAE04EC0-301F-11D3-BF4B-00C04F79EFBC}") = "HW8_4_array_number_groups", "HW8_4_array_number_groups\HW8_4_array_number_groups.csproj", "{A591861B-6222-41D9-A2B9-E14BF8AD3EDA}"
EndProject
Project("{FAE04EC0-301F-11D3-BF4B-00C04F79EFBC}") = "HW8_brain", "HW8_brain\HW8_brain.csproj", "{0B88222D-56F4-4C7A-AF7F-BA6F3DE28689}"
EndProject
Project("{FAE04EC0-301F-11D3-BF4B-00C04F79EFBC}") = "HW8_input_output_loop", "HW8_input_output_loop\HW8_input_output_loop.csproj", "{6418824A-812B-45A4-AB3F-1A6180221FE8}"
EndProject
Global
	GlobalSection(SolutionConfigurationPlatforms) = preSolution
		Debug|Any CPU = Debug|Any CPU
		Release|Any CPU = Release|Any CPU
	EndGlobalSection
	GlobalSection(ProjectConfigurationPlatforms) = postSolution
		{F8397A2F-0BAA-443C-9B34-E41F36A8BC31}.Debug|Any CPU.ActiveCfg = Debug|Any CPU
		{F8397A2F-0BAA-443C-9B34-E41F36A8BC31}.Debug|Any CPU.Build.0 = Debug|Any CPU
		{F8397A2F-0BAA-443C-9B34-E41F36A8BC31}.Release|Any CPU.ActiveCfg = Release|Any CPU
		{F8397A2F-0BAA-443C-9B34-E41F36A8BC31}.Release|Any CPU.Build.0 = Release|Any CPU
		{68480467-9985-456E-9734-C86AB0734062}.Debug|Any CPU.ActiveCfg = Debug|Any CPU
		{68480467-9985-456E-9734-C86AB0734062}.Debug|Any CPU.Build.0 = Debug|Any CPU
		{68480467-9985-456E-9734-C86AB0734062}.Release|Any CPU.ActiveCfg = Release|Any CPU
		{68480467-9985-456E-9734-C86AB0734062}.Release|Any CPU.Build.0 = Release|Any CPU
		{5AE99EC6-CCE3-461D-A6B0-AD818B792105}.Debug|Any CPU.ActiveCfg = Debug|Any CPU
		{5AE99EC6-CCE3-461D-A6B0-AD818B792105}.Debug|Any CPU.Build.0 = Debug|Any CPU
		{5AE99EC6-CCE3-461D-A6B0-AD818B792105}.Release|Any CPU.ActiveCfg = Release|Any CPU
		{5AE99EC6-CCE3-461D-A6B0-AD818B792105}.Release|Any CPU.Build.0 = Release|Any CPU
		{31E0169A-DB2B-46D0-8FFA-BC8DDE0E8E51}.Debug|Any CPU.ActiveCfg = Debug|Any CPU
		{31E0169A-DB2B-46D0-8FFA-BC8DDE0E8E51}.Debug|Any CPU.Build.0 = Debug|Any CPU
		{31E0169A-DB2B-46D0-8FFA-BC8DDE0E8E51}.Release|Any CPU.ActiveCfg = Release|Any CPU
		{31E0169A-DB2B-46D0-8FFA-BC8DDE0E8E51}.Release|Any CPU.Build.0 = Release|Any CPU
		{EC77EA79-DBF5-479B-9BF6-26745D506FE3}.Debug|Any CPU.ActiveCfg = Debug|Any CPU
		{EC77EA79-DBF5-479B-9BF6-26745D506FE3}.Debug|Any CPU.Build.0 = Debug|Any CPU
		{EC77EA79-DBF5-479B-9BF6-26745D506FE3}.Release|Any CPU.ActiveCfg = Release|Any CPU
		{EC77EA79-DBF5-479B-9BF6-26745D506FE3}.Release|Any CPU.Build.0 = Release|Any CPU
		{3DF27295-E5D1-481C-A664-639BFE4BC0E6}.Debug|Any CPU.ActiveCfg = Debug|Any CPU
		{3DF27295-E5D1-481C-A664-639BFE4BC0E6}.Debug|Any CPU.Build.0 = Debug|Any CPU
		{3DF27295-E5D1-481C-A664-639BFE4BC0E6}.Release|Any CPU.ActiveCfg = Release|Any CPU
		{3DF27295-E5D1-481C-A664-639BFE4BC0E6}.Release|Any CPU.Build.0 = Release|Any CPU
		{CDB4EFC7-0D78-4DF1-A488-7C3ED158458C}.Debug|Any CPU.ActiveCfg = Debug|Any CPU
		{CDB4EFC7-0D78-4DF1-A488-7C3ED158458C}.Debug|Any CPU.Build.0 = Debug|Any CPU
		{CDB4EFC7-0D78-4DF1-A488-7C3ED158458C}.Release|Any CPU.ActiveCfg = Release|Any CPU
		{CDB4EFC7-0D78-4DF1-A488-7C3ED158458C}.Release|Any CPU.Build.0 = Release|Any CPU
		{99C3963C-AE54-4591-8D15-6CB6B9A3053C}.Debug|Any CPU.ActiveCfg = Debug|Any CPU
		{99C3963C-AE54-4591-8D15-6CB6B9A3053C}.Debug|Any CPU.Build.0 = Debug|Any CPU
		{99C3963C-AE54-4591-8D15-6CB6B9A3053C}.Release|Any CPU.ActiveCfg = Release|Any CPU
		{99C3963C-AE54-4591-8D15-6CB6B9A3053C}.Release|Any CPU.Build.0 = Release|Any CPU
		{A13BFC24-8C51-46A4-8A60-37581520CA1F}.Debug|Any CPU.ActiveCfg = Debug|Any CPU
		{A13BFC24-8C51-46A4-8A60-37581520CA1F}.Debug|Any CPU.Build.0 = Debug|Any CPU
		{A13BFC24-8C51-46A4-8A60-37581520CA1F}.Release|Any CPU.ActiveCfg = Release|Any CPU
		{A13BFC24-8C51-46A4-8A60-37581520CA1F}.Release|Any CPU.Build.0 = Release|Any CPU
		{BDB68B8E-F04D-4861-A70B-BF859D734168}.Debug|Any CPU.ActiveCfg = Debug|Any CPU
		{BDB68B8E-F04D-4861-A70B-BF859D734168}.Debug|Any CPU.Build.0 = Debug|Any CPU
		{BDB68B8E-F04D-4861-A70B-BF859D734168}.Release|Any CPU.ActiveCfg = Release|Any CPU
		{BDB68B8E-F04D-4861-A70B-BF859D734168}.Release|Any CPU.Build.0 = Release|Any CPU
		{0E6507A3-3857-4D2F-8B3D-8EDCAB669331}.Debug|Any CPU.ActiveCfg = Debug|Any CPU
		{0E6507A3-3857-4D2F-8B3D-8EDCAB669331}.Debug|Any CPU.Build.0 = Debug|Any CPU
		{0E6507A3-3857-4D2F-8B3D-8EDCAB669331}.Release|Any CPU.ActiveCfg = Release|Any CPU
		{0E6507A3-3857-4D2F-8B3D-8EDCAB669331}.Release|Any CPU.Build.0 = Release|Any CPU
		{1AA3ADEA-78F1-4738-A446-94476DCC1AD8}.Debug|Any CPU.ActiveCfg = Debug|Any CPU
		{1AA3ADEA-78F1-4738-A446-94476DCC1AD8}.Debug|Any CPU.Build.0 = Debug|Any CPU
		{1AA3ADEA-78F1-4738-A446-94476DCC1AD8}.Release|Any CPU.ActiveCfg = Release|Any CPU
		{1AA3ADEA-78F1-4738-A446-94476DCC1AD8}.Release|Any CPU.Build.0 = Release|Any CPU
		{715F6333-B85E-4004-9E1C-D7DC9F3E99A0}.Debug|Any CPU.ActiveCfg = Debug|Any CPU
		{715F6333-B85E-4004-9E1C-D7DC9F3E99A0}.Debug|Any CPU.Build.0 = Debug|Any CPU
		{715F6333-B85E-4004-9E1C-D7DC9F3E99A0}.Release|Any CPU.ActiveCfg = Release|Any CPU
		{715F6333-B85E-4004-9E1C-D7DC9F3E99A0}.Release|Any CPU.Build.0 = Release|Any CPU
		{949D524C-635B-43DE-951D-46269F5A9E11}.Debug|Any CPU.ActiveCfg = Debug|Any CPU
		{949D524C-635B-43DE-951D-46269F5A9E11}.Debug|Any CPU.Build.0 = Debug|Any CPU
		{949D524C-635B-43DE-951D-46269F5A9E11}.Release|Any CPU.ActiveCfg = Release|Any CPU
		{949D524C-635B-43DE-951D-46269F5A9E11}.Release|Any CPU.Build.0 = Release|Any CPU
		{24ADA8FE-7F85-46E0-A7D6-1B220AF474FA}.Debug|Any CPU.ActiveCfg = Debug|Any CPU
		{24ADA8FE-7F85-46E0-A7D6-1B220AF474FA}.Debug|Any CPU.Build.0 = Debug|Any CPU
		{24ADA8FE-7F85-46E0-A7D6-1B220AF474FA}.Release|Any CPU.ActiveCfg = Release|Any CPU
		{24ADA8FE-7F85-46E0-A7D6-1B220AF474FA}.Release|Any CPU.Build.0 = Release|Any CPU
		{D772ACB2-0BD2-415B-8353-D16BA4190918}.Debug|Any CPU.ActiveCfg = Debug|Any CPU
		{D772ACB2-0BD2-415B-8353-D16BA4190918}.Debug|Any CPU.Build.0 = Debug|Any CPU
		{D772ACB2-0BD2-415B-8353-D16BA4190918}.Release|Any CPU.ActiveCfg = Release|Any CPU
		{D772ACB2-0BD2-415B-8353-D16BA4190918}.Release|Any CPU.Build.0 = Release|Any CPU
		{0B15A433-F839-4F47-A682-35533F616D4E}.Debug|Any CPU.ActiveCfg = Debug|Any CPU
		{0B15A433-F839-4F47-A682-35533F616D4E}.Debug|Any CPU.Build.0 = Debug|Any CPU
		{0B15A433-F839-4F47-A682-35533F616D4E}.Release|Any CPU.ActiveCfg = Release|Any CPU
		{0B15A433-F839-4F47-A682-35533F616D4E}.Release|Any CPU.Build.0 = Release|Any CPU
		{2B0F4EE1-8638-4909-8AF3-0CEF61F601F9}.Debug|Any CPU.ActiveCfg = Debug|Any CPU
		{2B0F4EE1-8638-4909-8AF3-0CEF61F601F9}.Debug|Any CPU.Build.0 = Debug|Any CPU
		{2B0F4EE1-8638-4909-8AF3-0CEF61F601F9}.Release|Any CPU.ActiveCfg = Release|Any CPU
		{2B0F4EE1-8638-4909-8AF3-0CEF61F601F9}.Release|Any CPU.Build.0 = Release|Any CPU
		{0AFD3846-82D9-446C-BFD8-7C913BEFD7A2}.Debug|Any CPU.ActiveCfg = Debug|Any CPU
		{0AFD3846-82D9-446C-BFD8-7C913BEFD7A2}.Debug|Any CPU.Build.0 = Debug|Any CPU
		{0AFD3846-82D9-446C-BFD8-7C913BEFD7A2}.Release|Any CPU.ActiveCfg = Release|Any CPU
		{0AFD3846-82D9-446C-BFD8-7C913BEFD7A2}.Release|Any CPU.Build.0 = Release|Any CPU
		{AF0C8617-7C7C-4A3C-B111-0E97409CD366}.Debug|Any CPU.ActiveCfg = Debug|Any CPU
		{AF0C8617-7C7C-4A3C-B111-0E97409CD366}.Debug|Any CPU.Build.0 = Debug|Any CPU
		{AF0C8617-7C7C-4A3C-B111-0E97409CD366}.Release|Any CPU.ActiveCfg = Release|Any CPU
		{AF0C8617-7C7C-4A3C-B111-0E97409CD366}.Release|Any CPU.Build.0 = Release|Any CPU
		{9F23C168-84B2-40C0-A3D4-2C3B3E109D4C}.Debug|Any CPU.ActiveCfg = Debug|Any CPU
		{9F23C168-84B2-40C0-A3D4-2C3B3E109D4C}.Debug|Any CPU.Build.0 = Debug|Any CPU
		{9F23C168-84B2-40C0-A3D4-2C3B3E109D4C}.Release|Any CPU.ActiveCfg = Release|Any CPU
		{9F23C168-84B2-40C0-A3D4-2C3B3E109D4C}.Release|Any CPU.Build.0 = Release|Any CPU
		{C9E00E9F-DF36-46E3-BCD4-00FE8D98255C}.Debug|Any CPU.ActiveCfg = Debug|Any CPU
		{C9E00E9F-DF36-46E3-BCD4-00FE8D98255C}.Debug|Any CPU.Build.0 = Debug|Any CPU
		{C9E00E9F-DF36-46E3-BCD4-00FE8D98255C}.Release|Any CPU.ActiveCfg = Release|Any CPU
		{C9E00E9F-DF36-46E3-BCD4-00FE8D98255C}.Release|Any CPU.Build.0 = Release|Any CPU
		{C355CA28-3973-48D1-A228-DBBDCB7A20DF}.Debug|Any CPU.ActiveCfg = Debug|Any CPU
		{C355CA28-3973-48D1-A228-DBBDCB7A20DF}.Debug|Any CPU.Build.0 = Debug|Any CPU
		{C355CA28-3973-48D1-A228-DBBDCB7A20DF}.Release|Any CPU.ActiveCfg = Release|Any CPU
		{C355CA28-3973-48D1-A228-DBBDCB7A20DF}.Release|Any CPU.Build.0 = Release|Any CPU
		{B9C7312C-DF53-49DE-82DE-C1AF7415CD13}.Debug|Any CPU.ActiveCfg = Debug|Any CPU
		{B9C7312C-DF53-49DE-82DE-C1AF7415CD13}.Debug|Any CPU.Build.0 = Debug|Any CPU
		{B9C7312C-DF53-49DE-82DE-C1AF7415CD13}.Release|Any CPU.ActiveCfg = Release|Any CPU
		{B9C7312C-DF53-49DE-82DE-C1AF7415CD13}.Release|Any CPU.Build.0 = Release|Any CPU
		{D339EA14-658A-48D2-A465-AF53D7E3B315}.Debug|Any CPU.ActiveCfg = Debug|Any CPU
		{D339EA14-658A-48D2-A465-AF53D7E3B315}.Debug|Any CPU.Build.0 = Debug|Any CPU
		{D339EA14-658A-48D2-A465-AF53D7E3B315}.Release|Any CPU.ActiveCfg = Release|Any CPU
		{D339EA14-658A-48D2-A465-AF53D7E3B315}.Release|Any CPU.Build.0 = Release|Any CPU
		{3B455F58-07F5-458E-B1F2-32CF310CD8CF}.Debug|Any CPU.ActiveCfg = Debug|Any CPU
		{3B455F58-07F5-458E-B1F2-32CF310CD8CF}.Debug|Any CPU.Build.0 = Debug|Any CPU
		{3B455F58-07F5-458E-B1F2-32CF310CD8CF}.Release|Any CPU.ActiveCfg = Release|Any CPU
		{3B455F58-07F5-458E-B1F2-32CF310CD8CF}.Release|Any CPU.Build.0 = Release|Any CPU
		{025686A9-C6F9-450B-B04A-DA3A1ACF1561}.Debug|Any CPU.ActiveCfg = Debug|Any CPU
		{025686A9-C6F9-450B-B04A-DA3A1ACF1561}.Debug|Any CPU.Build.0 = Debug|Any CPU
		{025686A9-C6F9-450B-B04A-DA3A1ACF1561}.Release|Any CPU.ActiveCfg = Release|Any CPU
		{025686A9-C6F9-450B-B04A-DA3A1ACF1561}.Release|Any CPU.Build.0 = Release|Any CPU
		{ACE43966-1FC8-4BC3-BABC-3F22507B1647}.Debug|Any CPU.ActiveCfg = Debug|Any CPU
		{ACE43966-1FC8-4BC3-BABC-3F22507B1647}.Debug|Any CPU.Build.0 = Debug|Any CPU
		{ACE43966-1FC8-4BC3-BABC-3F22507B1647}.Release|Any CPU.ActiveCfg = Release|Any CPU
		{ACE43966-1FC8-4BC3-BABC-3F22507B1647}.Release|Any CPU.Build.0 = Release|Any CPU
		{D9FF942B-F11D-4426-BAF8-9E3B077133EB}.Debug|Any CPU.ActiveCfg = Debug|Any CPU
		{D9FF942B-F11D-4426-BAF8-9E3B077133EB}.Debug|Any CPU.Build.0 = Debug|Any CPU
		{D9FF942B-F11D-4426-BAF8-9E3B077133EB}.Release|Any CPU.ActiveCfg = Release|Any CPU
		{D9FF942B-F11D-4426-BAF8-9E3B077133EB}.Release|Any CPU.Build.0 = Release|Any CPU
		{98D370C0-CFD8-462D-B1CB-1D2FFA5E138A}.Debug|Any CPU.ActiveCfg = Debug|Any CPU
		{98D370C0-CFD8-462D-B1CB-1D2FFA5E138A}.Debug|Any CPU.Build.0 = Debug|Any CPU
		{98D370C0-CFD8-462D-B1CB-1D2FFA5E138A}.Release|Any CPU.ActiveCfg = Release|Any CPU
		{98D370C0-CFD8-462D-B1CB-1D2FFA5E138A}.Release|Any CPU.Build.0 = Release|Any CPU
		{5AF2E758-A0E2-4827-B75B-4BB9DAD7E86B}.Debug|Any CPU.ActiveCfg = Debug|Any CPU
		{5AF2E758-A0E2-4827-B75B-4BB9DAD7E86B}.Debug|Any CPU.Build.0 = Debug|Any CPU
		{5AF2E758-A0E2-4827-B75B-4BB9DAD7E86B}.Release|Any CPU.ActiveCfg = Release|Any CPU
		{5AF2E758-A0E2-4827-B75B-4BB9DAD7E86B}.Release|Any CPU.Build.0 = Release|Any CPU
		{870BC498-0B7B-4FC4-A427-4C833FFD3F98}.Debug|Any CPU.ActiveCfg = Debug|Any CPU
		{870BC498-0B7B-4FC4-A427-4C833FFD3F98}.Debug|Any CPU.Build.0 = Debug|Any CPU
		{870BC498-0B7B-4FC4-A427-4C833FFD3F98}.Release|Any CPU.ActiveCfg = Release|Any CPU
		{870BC498-0B7B-4FC4-A427-4C833FFD3F98}.Release|Any CPU.Build.0 = Release|Any CPU
		{BE099824-D120-4E1D-9B9E-90315A56FBBC}.Debug|Any CPU.ActiveCfg = Debug|Any CPU
		{BE099824-D120-4E1D-9B9E-90315A56FBBC}.Debug|Any CPU.Build.0 = Debug|Any CPU
		{BE099824-D120-4E1D-9B9E-90315A56FBBC}.Release|Any CPU.ActiveCfg = Release|Any CPU
		{BE099824-D120-4E1D-9B9E-90315A56FBBC}.Release|Any CPU.Build.0 = Release|Any CPU
		{AF47679D-9620-408C-B96E-3FE72B430C4C}.Debug|Any CPU.ActiveCfg = Debug|Any CPU
		{AF47679D-9620-408C-B96E-3FE72B430C4C}.Debug|Any CPU.Build.0 = Debug|Any CPU
		{AF47679D-9620-408C-B96E-3FE72B430C4C}.Release|Any CPU.ActiveCfg = Release|Any CPU
		{AF47679D-9620-408C-B96E-3FE72B430C4C}.Release|Any CPU.Build.0 = Release|Any CPU
		{71A24338-47B4-4A10-A376-81E98CEFDB88}.Debug|Any CPU.ActiveCfg = Debug|Any CPU
		{71A24338-47B4-4A10-A376-81E98CEFDB88}.Debug|Any CPU.Build.0 = Debug|Any CPU
		{71A24338-47B4-4A10-A376-81E98CEFDB88}.Release|Any CPU.ActiveCfg = Release|Any CPU
		{71A24338-47B4-4A10-A376-81E98CEFDB88}.Release|Any CPU.Build.0 = Release|Any CPU
		{ABFFB568-6DDD-47C8-A58F-B369DD04624B}.Debug|Any CPU.ActiveCfg = Debug|Any CPU
		{ABFFB568-6DDD-47C8-A58F-B369DD04624B}.Debug|Any CPU.Build.0 = Debug|Any CPU
		{ABFFB568-6DDD-47C8-A58F-B369DD04624B}.Release|Any CPU.ActiveCfg = Release|Any CPU
		{ABFFB568-6DDD-47C8-A58F-B369DD04624B}.Release|Any CPU.Build.0 = Release|Any CPU
		{40378C2D-9D01-44FC-9F84-6345D9193401}.Debug|Any CPU.ActiveCfg = Debug|Any CPU
		{40378C2D-9D01-44FC-9F84-6345D9193401}.Debug|Any CPU.Build.0 = Debug|Any CPU
		{40378C2D-9D01-44FC-9F84-6345D9193401}.Release|Any CPU.ActiveCfg = Release|Any CPU
		{40378C2D-9D01-44FC-9F84-6345D9193401}.Release|Any CPU.Build.0 = Release|Any CPU
		{A591861B-6222-41D9-A2B9-E14BF8AD3EDA}.Debug|Any CPU.ActiveCfg = Debug|Any CPU
		{A591861B-6222-41D9-A2B9-E14BF8AD3EDA}.Debug|Any CPU.Build.0 = Debug|Any CPU
		{A591861B-6222-41D9-A2B9-E14BF8AD3EDA}.Release|Any CPU.ActiveCfg = Release|Any CPU
		{A591861B-6222-41D9-A2B9-E14BF8AD3EDA}.Release|Any CPU.Build.0 = Release|Any CPU
		{0B88222D-56F4-4C7A-AF7F-BA6F3DE28689}.Debug|Any CPU.ActiveCfg = Debug|Any CPU
		{0B88222D-56F4-4C7A-AF7F-BA6F3DE28689}.Debug|Any CPU.Build.0 = Debug|Any CPU
		{0B88222D-56F4-4C7A-AF7F-BA6F3DE28689}.Release|Any CPU.ActiveCfg = Release|Any CPU
		{0B88222D-56F4-4C7A-AF7F-BA6F3DE28689}.Release|Any CPU.Build.0 = Release|Any CPU
		{6418824A-812B-45A4-AB3F-1A6180221FE8}.Debug|Any CPU.ActiveCfg = Debug|Any CPU
		{6418824A-812B-45A4-AB3F-1A6180221FE8}.Debug|Any CPU.Build.0 = Debug|Any CPU
		{6418824A-812B-45A4-AB3F-1A6180221FE8}.Release|Any CPU.ActiveCfg = Release|Any CPU
		{6418824A-812B-45A4-AB3F-1A6180221FE8}.Release|Any CPU.Build.0 = Release|Any CPU
	EndGlobalSection
	GlobalSection(SolutionProperties) = preSolution
		HideSolutionNode = FALSE
	EndGlobalSection
	GlobalSection(NestedProjects) = preSolution
		{F8397A2F-0BAA-443C-9B34-E41F36A8BC31} = {11489BFC-F2C8-4D96-85D1-F8E6B6DD09A2}
		{68480467-9985-456E-9734-C86AB0734062} = {2ACB6017-4793-4485-B6CE-9D6410B63AD8}
		{5AE99EC6-CCE3-461D-A6B0-AD818B792105} = {2ACB6017-4793-4485-B6CE-9D6410B63AD8}
		{31E0169A-DB2B-46D0-8FFA-BC8DDE0E8E51} = {2ACB6017-4793-4485-B6CE-9D6410B63AD8}
		{EC77EA79-DBF5-479B-9BF6-26745D506FE3} = {2ACB6017-4793-4485-B6CE-9D6410B63AD8}
		{3DF27295-E5D1-481C-A664-639BFE4BC0E6} = {1975E369-F3EE-4C0A-A8C9-6691A56A1D1E}
		{CDB4EFC7-0D78-4DF1-A488-7C3ED158458C} = {1975E369-F3EE-4C0A-A8C9-6691A56A1D1E}
		{99C3963C-AE54-4591-8D15-6CB6B9A3053C} = {11489BFC-F2C8-4D96-85D1-F8E6B6DD09A2}
		{A13BFC24-8C51-46A4-8A60-37581520CA1F} = {11489BFC-F2C8-4D96-85D1-F8E6B6DD09A2}
		{BDB68B8E-F04D-4861-A70B-BF859D734168} = {1975E369-F3EE-4C0A-A8C9-6691A56A1D1E}
		{0E6507A3-3857-4D2F-8B3D-8EDCAB669331} = {1975E369-F3EE-4C0A-A8C9-6691A56A1D1E}
		{1AA3ADEA-78F1-4738-A446-94476DCC1AD8} = {1975E369-F3EE-4C0A-A8C9-6691A56A1D1E}
		{715F6333-B85E-4004-9E1C-D7DC9F3E99A0} = {1975E369-F3EE-4C0A-A8C9-6691A56A1D1E}
		{949D524C-635B-43DE-951D-46269F5A9E11} = {1975E369-F3EE-4C0A-A8C9-6691A56A1D1E}
		{24ADA8FE-7F85-46E0-A7D6-1B220AF474FA} = {E5B220D3-27A7-41A1-9B8C-50AE8034749D}
		{D772ACB2-0BD2-415B-8353-D16BA4190918} = {34D6D5B7-0595-473E-ACC6-0C1669900946}
		{0B15A433-F839-4F47-A682-35533F616D4E} = {34D6D5B7-0595-473E-ACC6-0C1669900946}
		{2B0F4EE1-8638-4909-8AF3-0CEF61F601F9} = {34D6D5B7-0595-473E-ACC6-0C1669900946}
		{0AFD3846-82D9-446C-BFD8-7C913BEFD7A2} = {34D6D5B7-0595-473E-ACC6-0C1669900946}
		{AF0C8617-7C7C-4A3C-B111-0E97409CD366} = {34D6D5B7-0595-473E-ACC6-0C1669900946}
		{9F23C168-84B2-40C0-A3D4-2C3B3E109D4C} = {34D6D5B7-0595-473E-ACC6-0C1669900946}
		{C9E00E9F-DF36-46E3-BCD4-00FE8D98255C} = {34D6D5B7-0595-473E-ACC6-0C1669900946}
		{C355CA28-3973-48D1-A228-DBBDCB7A20DF} = {76B8CE82-F344-4443-8F4F-445DEC973B20}
		{B9C7312C-DF53-49DE-82DE-C1AF7415CD13} = {76B8CE82-F344-4443-8F4F-445DEC973B20}
		{D339EA14-658A-48D2-A465-AF53D7E3B315} = {76B8CE82-F344-4443-8F4F-445DEC973B20}
		{3B455F58-07F5-458E-B1F2-32CF310CD8CF} = {76B8CE82-F344-4443-8F4F-445DEC973B20}
		{025686A9-C6F9-450B-B04A-DA3A1ACF1561} = {76B8CE82-F344-4443-8F4F-445DEC973B20}
		{ACE43966-1FC8-4BC3-BABC-3F22507B1647} = {9A0A617E-CF35-4445-938E-BE15437F6121}
		{D9FF942B-F11D-4426-BAF8-9E3B077133EB} = {9A0A617E-CF35-4445-938E-BE15437F6121}
		{98D370C0-CFD8-462D-B1CB-1D2FFA5E138A} = {9A0A617E-CF35-4445-938E-BE15437F6121}
		{5AF2E758-A0E2-4827-B75B-4BB9DAD7E86B} = {9A0A617E-CF35-4445-938E-BE15437F6121}
		{870BC498-0B7B-4FC4-A427-4C833FFD3F98} = {9A0A617E-CF35-4445-938E-BE15437F6121}
		{BE099824-D120-4E1D-9B9E-90315A56FBBC} = {9A0A617E-CF35-4445-938E-BE15437F6121}
		{AF47679D-9620-408C-B96E-3FE72B430C4C} = {9A0A617E-CF35-4445-938E-BE15437F6121}
		{71A24338-47B4-4A10-A376-81E98CEFDB88} = {10CA46F3-DF93-438F-B1E5-A35AA31F79AF}
		{ABFFB568-6DDD-47C8-A58F-B369DD04624B} = {10CA46F3-DF93-438F-B1E5-A35AA31F79AF}
		{40378C2D-9D01-44FC-9F84-6345D9193401} = {10CA46F3-DF93-438F-B1E5-A35AA31F79AF}
		{A591861B-6222-41D9-A2B9-E14BF8AD3EDA} = {10CA46F3-DF93-438F-B1E5-A35AA31F79AF}
		{0B88222D-56F4-4C7A-AF7F-BA6F3DE28689} = {10CA46F3-DF93-438F-B1E5-A35AA31F79AF}
		{6418824A-812B-45A4-AB3F-1A6180221FE8} = {10CA46F3-DF93-438F-B1E5-A35AA31F79AF}
	EndGlobalSection
	GlobalSection(ExtensibilityGlobals) = postSolution
		SolutionGuid = {3749788B-20DF-48AB-A8EE-8B8E71755AD1}
	EndGlobalSection
EndGlobal
