
Microsoft Visual Studio Solution File, Format Version 12.00
# Visual Studio Version 16
VisualStudioVersion = 16.0.29613.14
MinimumVisualStudioVersion = 10.0.40219.1
Project("{9A19103F-16F7-4668-BE54-9A1E7A4F7556}") = "HM1_1", "HM1_1.csproj", "{29A50A57-C6F5-4F1C-8643-73672F3784E9}"
EndProject
Project("{2150E333-8FDC-42A3-9474-1A3956D46DE8}") = "HM1", "HM1", "{11489BFC-F2C8-4D96-85D1-F8E6B6DD09A2}"
EndProject
Project("{2150E333-8FDC-42A3-9474-1A3956D46DE8}") = "HM2", "HM2", "{2ACB6017-4793-4485-B6CE-9D6410B63AD8}"
EndProject
Project("{2150E333-8FDC-42A3-9474-1A3956D46DE8}") = "HM3", "HM3", "{1975E369-F3EE-4C0A-A8C9-6691A56A1D1E}"
EndProject
Project("{9A19103F-16F7-4668-BE54-9A1E7A4F7556}") = "HM1_2", "HM1.2\HM1_2.csproj", "{EE26CBE3-BBAF-46AF-B424-A2A5034050AB}"
EndProject
Project("{9A19103F-16F7-4668-BE54-9A1E7A4F7556}") = "HM1_3", "HM1_3\HM1_3.csproj", "{F8397A2F-0BAA-443C-9B34-E41F36A8BC31}"
EndProject
Project("{9A19103F-16F7-4668-BE54-9A1E7A4F7556}") = "HM2_1", "HM2_1\HM2_1.csproj", "{68480467-9985-456E-9734-C86AB0734062}"
EndProject
Project("{9A19103F-16F7-4668-BE54-9A1E7A4F7556}") = "HM2_2", "HM2_2\HM2_2.csproj", "{5AE99EC6-CCE3-461D-A6B0-AD818B792105}"
EndProject
Project("{9A19103F-16F7-4668-BE54-9A1E7A4F7556}") = "HM2_3", "HM2_3\HM2_3.csproj", "{31E0169A-DB2B-46D0-8FFA-BC8DDE0E8E51}"
EndProject
Project("{9A19103F-16F7-4668-BE54-9A1E7A4F7556}") = "HM2_Brain", "HM2_Brain\HM2_Brain.csproj", "{EC77EA79-DBF5-479B-9BF6-26745D506FE3}"
EndProject
Project("{9A19103F-16F7-4668-BE54-9A1E7A4F7556}") = "HM3_1", "HM3_1\HM3_1.csproj", "{3DF27295-E5D1-481C-A664-639BFE4BC0E6}"
EndProject
Project("{9A19103F-16F7-4668-BE54-9A1E7A4F7556}") = "HM3_2", "HM3_2\HM3_2.csproj", "{CDB4EFC7-0D78-4DF1-A488-7C3ED158458C}"
EndProject
Global
	GlobalSection(SolutionConfigurationPlatforms) = preSolution
		Debug|Any CPU = Debug|Any CPU
		Release|Any CPU = Release|Any CPU
	EndGlobalSection
	GlobalSection(ProjectConfigurationPlatforms) = postSolution
		{29A50A57-C6F5-4F1C-8643-73672F3784E9}.Debug|Any CPU.ActiveCfg = Debug|Any CPU
		{29A50A57-C6F5-4F1C-8643-73672F3784E9}.Debug|Any CPU.Build.0 = Debug|Any CPU
		{29A50A57-C6F5-4F1C-8643-73672F3784E9}.Release|Any CPU.ActiveCfg = Release|Any CPU
		{29A50A57-C6F5-4F1C-8643-73672F3784E9}.Release|Any CPU.Build.0 = Release|Any CPU
		{EE26CBE3-BBAF-46AF-B424-A2A5034050AB}.Debug|Any CPU.ActiveCfg = Debug|Any CPU
		{EE26CBE3-BBAF-46AF-B424-A2A5034050AB}.Debug|Any CPU.Build.0 = Debug|Any CPU
		{EE26CBE3-BBAF-46AF-B424-A2A5034050AB}.Release|Any CPU.ActiveCfg = Release|Any CPU
		{EE26CBE3-BBAF-46AF-B424-A2A5034050AB}.Release|Any CPU.Build.0 = Release|Any CPU
		{F8397A2F-0BAA-443C-9B34-E41F36A8BC31}.Debug|Any CPU.ActiveCfg = Debug|Any CPU
		{F8397A2F-0BAA-443C-9B34-E41F36A8BC31}.Debug|Any CPU.Build.0 = Debug|Any CPU
		{F8397A2F-0BAA-443C-9B34-E41F36A8BC31}.Release|Any CPU.ActiveCfg = Release|Any CPU
		{F8397A2F-0BAA-443C-9B34-E41F36A8BC31}.Release|Any CPU.Build.0 = Release|Any CPU
		{68480467-9985-456E-9734-C86AB0734062}.Debug|Any CPU.ActiveCfg = Debug|Any CPU
		{68480467-9985-456E-9734-C86AB0734062}.Debug|Any CPU.Build.0 = Debug|Any CPU
		{68480467-9985-456E-9734-C86AB0734062}.Release|Any CPU.ActiveCfg = Release|Any CPU
		{68480467-9985-456E-9734-C86AB0734062}.Release|Any CPU.Build.0 = Release|Any CPU
		{5AE99EC6-CCE3-461D-A6B0-AD818B792105}.Debug|Any CPU.ActiveCfg = Debug|Any CPU
		{5AE99EC6-CCE3-461D-A6B0-AD818B792105}.Debug|Any CPU.Build.0 = Debug|Any CPU
		{5AE99EC6-CCE3-461D-A6B0-AD818B792105}.Release|Any CPU.ActiveCfg = Release|Any CPU
		{5AE99EC6-CCE3-461D-A6B0-AD818B792105}.Release|Any CPU.Build.0 = Release|Any CPU
		{31E0169A-DB2B-46D0-8FFA-BC8DDE0E8E51}.Debug|Any CPU.ActiveCfg = Debug|Any CPU
		{31E0169A-DB2B-46D0-8FFA-BC8DDE0E8E51}.Debug|Any CPU.Build.0 = Debug|Any CPU
		{31E0169A-DB2B-46D0-8FFA-BC8DDE0E8E51}.Release|Any CPU.ActiveCfg = Release|Any CPU
		{31E0169A-DB2B-46D0-8FFA-BC8DDE0E8E51}.Release|Any CPU.Build.0 = Release|Any CPU
		{EC77EA79-DBF5-479B-9BF6-26745D506FE3}.Debug|Any CPU.ActiveCfg = Debug|Any CPU
		{EC77EA79-DBF5-479B-9BF6-26745D506FE3}.Debug|Any CPU.Build.0 = Debug|Any CPU
		{EC77EA79-DBF5-479B-9BF6-26745D506FE3}.Release|Any CPU.ActiveCfg = Release|Any CPU
		{EC77EA79-DBF5-479B-9BF6-26745D506FE3}.Release|Any CPU.Build.0 = Release|Any CPU
		{3DF27295-E5D1-481C-A664-639BFE4BC0E6}.Debug|Any CPU.ActiveCfg = Debug|Any CPU
		{3DF27295-E5D1-481C-A664-639BFE4BC0E6}.Debug|Any CPU.Build.0 = Debug|Any CPU
		{3DF27295-E5D1-481C-A664-639BFE4BC0E6}.Release|Any CPU.ActiveCfg = Release|Any CPU
		{3DF27295-E5D1-481C-A664-639BFE4BC0E6}.Release|Any CPU.Build.0 = Release|Any CPU
		{CDB4EFC7-0D78-4DF1-A488-7C3ED158458C}.Debug|Any CPU.ActiveCfg = Debug|Any CPU
		{CDB4EFC7-0D78-4DF1-A488-7C3ED158458C}.Debug|Any CPU.Build.0 = Debug|Any CPU
		{CDB4EFC7-0D78-4DF1-A488-7C3ED158458C}.Release|Any CPU.ActiveCfg = Release|Any CPU
		{CDB4EFC7-0D78-4DF1-A488-7C3ED158458C}.Release|Any CPU.Build.0 = Release|Any CPU
	EndGlobalSection
	GlobalSection(SolutionProperties) = preSolution
		HideSolutionNode = FALSE
	EndGlobalSection
	GlobalSection(NestedProjects) = preSolution
		{29A50A57-C6F5-4F1C-8643-73672F3784E9} = {11489BFC-F2C8-4D96-85D1-F8E6B6DD09A2}
		{EE26CBE3-BBAF-46AF-B424-A2A5034050AB} = {11489BFC-F2C8-4D96-85D1-F8E6B6DD09A2}
		{F8397A2F-0BAA-443C-9B34-E41F36A8BC31} = {11489BFC-F2C8-4D96-85D1-F8E6B6DD09A2}
		{68480467-9985-456E-9734-C86AB0734062} = {2ACB6017-4793-4485-B6CE-9D6410B63AD8}
		{5AE99EC6-CCE3-461D-A6B0-AD818B792105} = {2ACB6017-4793-4485-B6CE-9D6410B63AD8}
		{31E0169A-DB2B-46D0-8FFA-BC8DDE0E8E51} = {2ACB6017-4793-4485-B6CE-9D6410B63AD8}
		{EC77EA79-DBF5-479B-9BF6-26745D506FE3} = {2ACB6017-4793-4485-B6CE-9D6410B63AD8}
		{3DF27295-E5D1-481C-A664-639BFE4BC0E6} = {1975E369-F3EE-4C0A-A8C9-6691A56A1D1E}
		{CDB4EFC7-0D78-4DF1-A488-7C3ED158458C} = {1975E369-F3EE-4C0A-A8C9-6691A56A1D1E}
	EndGlobalSection
	GlobalSection(ExtensibilityGlobals) = postSolution
		SolutionGuid = {3749788B-20DF-48AB-A8EE-8B8E71755AD1}
	EndGlobalSection
EndGlobal
